{
  "name": "xsalazar",
  "version": "1.0.0",
  "lockfileVersion": 2,
  "requires": true,
  "packages": {
    "": {
      "name": "xsalazar",
      "version": "1.0.0",
      "license": "ISC",
      "dependencies": {
        "lunarphase-js": "^2.0.2"
      }
    },
    "node_modules/lunarphase-js": {
      "version": "2.0.2",
      "resolved": "https://registry.npmjs.org/lunarphase-js/-/lunarphase-js-2.0.2.tgz",
      "integrity": "sha512-BNUCiqjgGc8zsElPBsho5Ru2YPql5rJeMjq0RFGw7e+Qsnc0R9hOJxqlD4eEplTxfWZZ50fSizD9IV7adymsZw=="
    }
  },
  "dependencies": {
    "lunarphase-js": {
      "version": "2.0.2",
      "resolved": "https://registry.npmjs.org/lunarphase-js/-/lunarphase-js-2.0.2.tgz",
      "integrity": "sha512-BNUCiqjgGc8zsElPBsho5Ru2YPql5rJeMjq0RFGw7e+Qsnc0R9hOJxqlD4eEplTxfWZZ50fSizD9IV7adymsZw=="
    }
  }
}
