{
  "name": "xsalazar",
  "version": "1.0.0",
  "lockfileVersion": 2,
  "requires": true,
  "packages": {
    "": {
      "name": "xsalazar",
      "version": "1.0.0",
      "license": "ISC",
      "dependencies": {
        "lunarphase-js": "^2.0.1"
      }
    },
    "node_modules/lunarphase-js": {
      "version": "2.0.1",
      "resolved": "https://registry.npmjs.org/lunarphase-js/-/lunarphase-js-2.0.1.tgz",
      "integrity": "sha512-QcCF6UxtifeSCDjbMT7FsczG4lHnWp1WRUpBy3IS5cG8pxtypk0VW/gw7xz+2vWYoaiVrt4NADZ+NR+ly4GvPg=="
    }
  },
  "dependencies": {
    "lunarphase-js": {
      "version": "2.0.1",
      "resolved": "https://registry.npmjs.org/lunarphase-js/-/lunarphase-js-2.0.1.tgz",
      "integrity": "sha512-QcCF6UxtifeSCDjbMT7FsczG4lHnWp1WRUpBy3IS5cG8pxtypk0VW/gw7xz+2vWYoaiVrt4NADZ+NR+ly4GvPg=="
    }
  }
}
